// !$*UTF8*$!
{
	archiveVersion = 1;
	classes = {
	};
	objectVersion = 56;
	objects = {

/* Begin PBXBuildFile section */
		9D119E7E2B963983007DEDA1 /* DataManagerProtocol.swift in Sources */ = {isa = PBXBuildFile; fileRef = 9D119E7D2B963983007DEDA1 /* DataManagerProtocol.swift */; };
		9D1BC7182B18C93C006B8BCF /* AppLogo.swift in Sources */ = {isa = PBXBuildFile; fileRef = 9D1BC7172B18C93C006B8BCF /* AppLogo.swift */; };
		9D1BC71A2B18C9A5006B8BCF /* Icons.swift in Sources */ = {isa = PBXBuildFile; fileRef = 9D1BC7192B18C9A5006B8BCF /* Icons.swift */; };
		9D1BC71C2B18CBA3006B8BCF /* PrimaryButtonStyle.swift in Sources */ = {isa = PBXBuildFile; fileRef = 9D1BC71B2B18CBA3006B8BCF /* PrimaryButtonStyle.swift */; };
		9D1BC71E2B18CD6C006B8BCF /* ButtonStyleExtension.swift in Sources */ = {isa = PBXBuildFile; fileRef = 9D1BC71D2B18CD6C006B8BCF /* ButtonStyleExtension.swift */; };
		9D1BC7202B18CDC7006B8BCF /* ViewTextExtension.swift in Sources */ = {isa = PBXBuildFile; fileRef = 9D1BC71F2B18CDC7006B8BCF /* ViewTextExtension.swift */; };
		9D1BC7812B1E39F9006B8BCF /* CustomImage.swift in Sources */ = {isa = PBXBuildFile; fileRef = 9D1BC7802B1E39F9006B8BCF /* CustomImage.swift */; };
		9D25A3602B712F2500564031 /* GenresModel.swift in Sources */ = {isa = PBXBuildFile; fileRef = 9D25A35F2B712F2500564031 /* GenresModel.swift */; };
		9D29A97B2B877A8C0041CB6E /* RequestModelUniversal.swift in Sources */ = {isa = PBXBuildFile; fileRef = 9D29A97A2B877A8C0041CB6E /* RequestModelUniversal.swift */; };
		9D2B90AA2BA1EE5C007F576F /* DIContainer.swift in Sources */ = {isa = PBXBuildFile; fileRef = 9D2B90A92BA1EE5C007F576F /* DIContainer.swift */; };
		9D3DCB042BF3CA3B007F5E96 /* GenreScreenViewModel.swift in Sources */ = {isa = PBXBuildFile; fileRef = 9D3DCB032BF3CA3B007F5E96 /* GenreScreenViewModel.swift */; };
		9D3DCB072BF3CAF5007F5E96 /* MovieModel.swift in Sources */ = {isa = PBXBuildFile; fileRef = 9D3DCB062BF3CAF5007F5E96 /* MovieModel.swift */; };
		9D3DCB092BF3CB82007F5E96 /* GenreScreenViewModelProtocol.swift in Sources */ = {isa = PBXBuildFile; fileRef = 9D3DCB082BF3CB82007F5E96 /* GenreScreenViewModelProtocol.swift */; };
		9D49AA742B50690800FFA152 /* ResultView.swift in Sources */ = {isa = PBXBuildFile; fileRef = 9D49AA732B50690800FFA152 /* ResultView.swift */; };
		9D49AA772B506C8400FFA152 /* MovieView.swift in Sources */ = {isa = PBXBuildFile; fileRef = 9D49AA762B506C8400FFA152 /* MovieView.swift */; };
		9D49AA7D2B5075AA00FFA152 /* LoadingView.swift in Sources */ = {isa = PBXBuildFile; fileRef = 9D49AA7C2B5075AA00FFA152 /* LoadingView.swift */; };
		9D49AA7F2B55854700FFA152 /* LoadingViewExtension.swift in Sources */ = {isa = PBXBuildFile; fileRef = 9D49AA7E2B55854700FFA152 /* LoadingViewExtension.swift */; };
		9D49AA862B5D627F00FFA152 /* Movie.swift in Sources */ = {isa = PBXBuildFile; fileRef = 9D49AA852B5D627F00FFA152 /* Movie.swift */; };
		9D517B102B68016300477AB2 /* HTTPMethods.swift in Sources */ = {isa = PBXBuildFile; fileRef = 9D517B0F2B68016300477AB2 /* HTTPMethods.swift */; };
		9D517B142B68064000477AB2 /* Headers.swift in Sources */ = {isa = PBXBuildFile; fileRef = 9D517B132B68064000477AB2 /* Headers.swift */; };
		9D517B162B680B4B00477AB2 /* Urls.swift in Sources */ = {isa = PBXBuildFile; fileRef = 9D517B152B680B4B00477AB2 /* Urls.swift */; };
		9D6560ED2C5FE31B00A5911B /* WhileLoading.swift in Sources */ = {isa = PBXBuildFile; fileRef = 9D6560EC2C5FE31B00A5911B /* WhileLoading.swift */; };
		9D6859252B45A59C00A7C2CD /* GenreButton.swift in Sources */ = {isa = PBXBuildFile; fileRef = 9D6859242B45A59C00A7C2CD /* GenreButton.swift */; };
		9D68A7822B08FA7D005F546A /* ColorExtension.swift in Sources */ = {isa = PBXBuildFile; fileRef = 9D68A7812B08FA7D005F546A /* ColorExtension.swift */; };
		9D6BF22A2C31EDA6004E76CB /* ExtensionEncodable.swift in Sources */ = {isa = PBXBuildFile; fileRef = 9D6BF2292C31EDA6004E76CB /* ExtensionEncodable.swift */; };
		9D8307572B275CD900C6B377 /* GenresScreen.swift in Sources */ = {isa = PBXBuildFile; fileRef = 9D8307562B275CD900C6B377 /* GenresScreen.swift */; };
		9D83075B2B27754D00C6B377 /* GenresViewWithScroll.swift in Sources */ = {isa = PBXBuildFile; fileRef = 9D83075A2B27754D00C6B377 /* GenresViewWithScroll.swift */; };
		9D8350762B9623BA0093D082 /* DataManager.swift in Sources */ = {isa = PBXBuildFile; fileRef = 9D8350752B9623BA0093D082 /* DataManager.swift */; };
		9D89F8612B13A70800FE23BE /* TextStyleModifier.swift in Sources */ = {isa = PBXBuildFile; fileRef = 9D89F8602B13A70800FE23BE /* TextStyleModifier.swift */; };
		9D92E1752C580E2900001FE4 /* EmptyScrollwWithGenres.swift in Sources */ = {isa = PBXBuildFile; fileRef = 9D92E1742C580E2900001FE4 /* EmptyScrollwWithGenres.swift */; };
		9D95B7E82B62C72D00CF660F /* NetworkService.swift in Sources */ = {isa = PBXBuildFile; fileRef = 9D95B7E72B62C72D00CF660F /* NetworkService.swift */; };
		9D95B7EA2B62C78700CF660F /* NetworkServiceProtocol.swift in Sources */ = {isa = PBXBuildFile; fileRef = 9D95B7E92B62C78700CF660F /* NetworkServiceProtocol.swift */; };
		9D97D84A2AFA52BE003F10B5 /* swiftui_projectApp.swift in Sources */ = {isa = PBXBuildFile; fileRef = 9D97D8492AFA52BE003F10B5 /* swiftui_projectApp.swift */; };
		9D97D84E2AFA52BF003F10B5 /* Assets.xcassets in Resources */ = {isa = PBXBuildFile; fileRef = 9D97D84D2AFA52BF003F10B5 /* Assets.xcassets */; };
		9D97D8512AFA52BF003F10B5 /* Preview Assets.xcassets in Resources */ = {isa = PBXBuildFile; fileRef = 9D97D8502AFA52BF003F10B5 /* Preview Assets.xcassets */; };
		9D97D8562AFA52BF003F10B5 /* swiftui_project.xcdatamodeld in Sources */ = {isa = PBXBuildFile; fileRef = 9D97D8542AFA52BF003F10B5 /* swiftui_project.xcdatamodeld */; };
		9D97D8602AFA52BF003F10B5 /* swiftui_projectTests.swift in Sources */ = {isa = PBXBuildFile; fileRef = 9D97D85F2AFA52BF003F10B5 /* swiftui_projectTests.swift */; };
		9D97D86A2AFA52BF003F10B5 /* swiftui_projectUITests.swift in Sources */ = {isa = PBXBuildFile; fileRef = 9D97D8692AFA52BF003F10B5 /* swiftui_projectUITests.swift */; };
		9D97D86C2AFA52BF003F10B5 /* swiftui_projectUITestsLaunchTests.swift in Sources */ = {isa = PBXBuildFile; fileRef = 9D97D86B2AFA52BF003F10B5 /* swiftui_projectUITestsLaunchTests.swift */; };
		9D9DC3492C52C80E00F9D1C7 /* NoPosterScreen.swift in Sources */ = {isa = PBXBuildFile; fileRef = 9D9DC3482C52C80E00F9D1C7 /* NoPosterScreen.swift */; };
		9DB350D62AFE529600283DE9 /* StartScreen.swift in Sources */ = {isa = PBXBuildFile; fileRef = 9DB350D52AFE529600283DE9 /* StartScreen.swift */; };
		9DC557702BED061100DCA140 /* GenresViewWithScrollViewModel.swift in Sources */ = {isa = PBXBuildFile; fileRef = 9DC5576F2BED061100DCA140 /* GenresViewWithScrollViewModel.swift */; };
		9DC557732BED1C1800DCA140 /* StringExtension.swift in Sources */ = {isa = PBXBuildFile; fileRef = 9DC557722BED1C1800DCA140 /* StringExtension.swift */; };
		9DC557752BED28AE00DCA140 /* GenresViewWithScrollViewModelProtocol.swift in Sources */ = {isa = PBXBuildFile; fileRef = 9DC557742BED28AE00DCA140 /* GenresViewWithScrollViewModelProtocol.swift */; };
		9DC5577A2BED32D000DCA140 /* GenreButtonExtension.swift in Sources */ = {isa = PBXBuildFile; fileRef = 9DC557792BED32D000DCA140 /* GenreButtonExtension.swift */; };
		9DC5577C2BED32D300DCA140 /* GenreButtonStyle.swift in Sources */ = {isa = PBXBuildFile; fileRef = 9DC5577B2BED32D300DCA140 /* GenreButtonStyle.swift */; };
		9DCBCD3C2B03DCF200BE8C37 /* LogoView.swift in Sources */ = {isa = PBXBuildFile; fileRef = 9DCBCD3B2B03DCF200BE8C37 /* LogoView.swift */; };
		9DCBCD3E2B03DEA700BE8C37 /* UISize.swift in Sources */ = {isa = PBXBuildFile; fileRef = 9DCBCD3D2B03DEA700BE8C37 /* UISize.swift */; };
		9DEF8FC42C2079B700BB4DB1 /* MovieParameters.swift in Sources */ = {isa = PBXBuildFile; fileRef = 9DEF8FC32C2079B700BB4DB1 /* MovieParameters.swift */; };
/* End PBXBuildFile section */

/* Begin PBXContainerItemProxy section */
		9D97D85C2AFA52BF003F10B5 /* PBXContainerItemProxy */ = {
			isa = PBXContainerItemProxy;
			containerPortal = 9D97D83E2AFA52BE003F10B5 /* Project object */;
			proxyType = 1;
			remoteGlobalIDString = 9D97D8452AFA52BE003F10B5;
			remoteInfo = swiftui_project;
		};
		9D97D8662AFA52BF003F10B5 /* PBXContainerItemProxy */ = {
			isa = PBXContainerItemProxy;
			containerPortal = 9D97D83E2AFA52BE003F10B5 /* Project object */;
			proxyType = 1;
			remoteGlobalIDString = 9D97D8452AFA52BE003F10B5;
			remoteInfo = swiftui_project;
		};
/* End PBXContainerItemProxy section */

/* Begin PBXFileReference section */
		9D119E7D2B963983007DEDA1 /* DataManagerProtocol.swift */ = {isa = PBXFileReference; lastKnownFileType = sourcecode.swift; path = DataManagerProtocol.swift; sourceTree = "<group>"; };
		9D1BC7172B18C93C006B8BCF /* AppLogo.swift */ = {isa = PBXFileReference; lastKnownFileType = sourcecode.swift; path = AppLogo.swift; sourceTree = "<group>"; };
		9D1BC7192B18C9A5006B8BCF /* Icons.swift */ = {isa = PBXFileReference; lastKnownFileType = sourcecode.swift; path = Icons.swift; sourceTree = "<group>"; };
		9D1BC71B2B18CBA3006B8BCF /* PrimaryButtonStyle.swift */ = {isa = PBXFileReference; lastKnownFileType = sourcecode.swift; path = PrimaryButtonStyle.swift; sourceTree = "<group>"; };
		9D1BC71D2B18CD6C006B8BCF /* ButtonStyleExtension.swift */ = {isa = PBXFileReference; lastKnownFileType = sourcecode.swift; path = ButtonStyleExtension.swift; sourceTree = "<group>"; };
		9D1BC71F2B18CDC7006B8BCF /* ViewTextExtension.swift */ = {isa = PBXFileReference; lastKnownFileType = sourcecode.swift; path = ViewTextExtension.swift; sourceTree = "<group>"; };
		9D1BC7802B1E39F9006B8BCF /* CustomImage.swift */ = {isa = PBXFileReference; lastKnownFileType = sourcecode.swift; path = CustomImage.swift; sourceTree = "<group>"; };
		9D25A35F2B712F2500564031 /* GenresModel.swift */ = {isa = PBXFileReference; lastKnownFileType = sourcecode.swift; path = GenresModel.swift; sourceTree = "<group>"; };
		9D29A97A2B877A8C0041CB6E /* RequestModelUniversal.swift */ = {isa = PBXFileReference; lastKnownFileType = sourcecode.swift; path = RequestModelUniversal.swift; sourceTree = "<group>"; };
		9D2B90A92BA1EE5C007F576F /* DIContainer.swift */ = {isa = PBXFileReference; lastKnownFileType = sourcecode.swift; path = DIContainer.swift; sourceTree = "<group>"; };
		9D3DCB032BF3CA3B007F5E96 /* GenreScreenViewModel.swift */ = {isa = PBXFileReference; lastKnownFileType = sourcecode.swift; path = GenreScreenViewModel.swift; sourceTree = "<group>"; };
		9D3DCB062BF3CAF5007F5E96 /* MovieModel.swift */ = {isa = PBXFileReference; lastKnownFileType = sourcecode.swift; path = MovieModel.swift; sourceTree = "<group>"; };
		9D3DCB082BF3CB82007F5E96 /* GenreScreenViewModelProtocol.swift */ = {isa = PBXFileReference; lastKnownFileType = sourcecode.swift; path = GenreScreenViewModelProtocol.swift; sourceTree = "<group>"; };
		9D49AA732B50690800FFA152 /* ResultView.swift */ = {isa = PBXFileReference; lastKnownFileType = sourcecode.swift; path = ResultView.swift; sourceTree = "<group>"; };
		9D49AA762B506C8400FFA152 /* MovieView.swift */ = {isa = PBXFileReference; lastKnownFileType = sourcecode.swift; path = MovieView.swift; sourceTree = "<group>"; };
		9D49AA7C2B5075AA00FFA152 /* LoadingView.swift */ = {isa = PBXFileReference; lastKnownFileType = sourcecode.swift; path = LoadingView.swift; sourceTree = "<group>"; };
		9D49AA7E2B55854700FFA152 /* LoadingViewExtension.swift */ = {isa = PBXFileReference; lastKnownFileType = sourcecode.swift; path = LoadingViewExtension.swift; sourceTree = "<group>"; };
		9D49AA852B5D627F00FFA152 /* Movie.swift */ = {isa = PBXFileReference; lastKnownFileType = sourcecode.swift; path = Movie.swift; sourceTree = "<group>"; };
		9D517B0F2B68016300477AB2 /* HTTPMethods.swift */ = {isa = PBXFileReference; lastKnownFileType = sourcecode.swift; path = HTTPMethods.swift; sourceTree = "<group>"; };
		9D517B132B68064000477AB2 /* Headers.swift */ = {isa = PBXFileReference; lastKnownFileType = sourcecode.swift; path = Headers.swift; sourceTree = "<group>"; };
		9D517B152B680B4B00477AB2 /* Urls.swift */ = {isa = PBXFileReference; lastKnownFileType = sourcecode.swift; path = Urls.swift; sourceTree = "<group>"; };
		9D6560EC2C5FE31B00A5911B /* WhileLoading.swift */ = {isa = PBXFileReference; lastKnownFileType = sourcecode.swift; path = WhileLoading.swift; sourceTree = "<group>"; };
		9D6859242B45A59C00A7C2CD /* GenreButton.swift */ = {isa = PBXFileReference; lastKnownFileType = sourcecode.swift; path = GenreButton.swift; sourceTree = "<group>"; };
		9D68A7812B08FA7D005F546A /* ColorExtension.swift */ = {isa = PBXFileReference; lastKnownFileType = sourcecode.swift; path = ColorExtension.swift; sourceTree = "<group>"; };
		9D6BF2292C31EDA6004E76CB /* ExtensionEncodable.swift */ = {isa = PBXFileReference; lastKnownFileType = sourcecode.swift; path = ExtensionEncodable.swift; sourceTree = "<group>"; };
		9D8307562B275CD900C6B377 /* GenresScreen.swift */ = {isa = PBXFileReference; lastKnownFileType = sourcecode.swift; path = GenresScreen.swift; sourceTree = "<group>"; };
		9D83075A2B27754D00C6B377 /* GenresViewWithScroll.swift */ = {isa = PBXFileReference; lastKnownFileType = sourcecode.swift; path = GenresViewWithScroll.swift; sourceTree = "<group>"; };
		9D8350752B9623BA0093D082 /* DataManager.swift */ = {isa = PBXFileReference; lastKnownFileType = sourcecode.swift; path = DataManager.swift; sourceTree = "<group>"; };
		9D89F8602B13A70800FE23BE /* TextStyleModifier.swift */ = {isa = PBXFileReference; lastKnownFileType = sourcecode.swift; path = TextStyleModifier.swift; sourceTree = "<group>"; };
		9D92E1742C580E2900001FE4 /* EmptyScrollwWithGenres.swift */ = {isa = PBXFileReference; lastKnownFileType = sourcecode.swift; path = EmptyScrollwWithGenres.swift; sourceTree = "<group>"; };
		9D95B7E72B62C72D00CF660F /* NetworkService.swift */ = {isa = PBXFileReference; lastKnownFileType = sourcecode.swift; path = NetworkService.swift; sourceTree = "<group>"; };
		9D95B7E92B62C78700CF660F /* NetworkServiceProtocol.swift */ = {isa = PBXFileReference; lastKnownFileType = sourcecode.swift; path = NetworkServiceProtocol.swift; sourceTree = "<group>"; };
		9D97D8462AFA52BE003F10B5 /* swiftui_project.app */ = {isa = PBXFileReference; explicitFileType = wrapper.application; includeInIndex = 0; path = swiftui_project.app; sourceTree = BUILT_PRODUCTS_DIR; };
		9D97D8492AFA52BE003F10B5 /* swiftui_projectApp.swift */ = {isa = PBXFileReference; lastKnownFileType = sourcecode.swift; path = swiftui_projectApp.swift; sourceTree = "<group>"; };
		9D97D84D2AFA52BF003F10B5 /* Assets.xcassets */ = {isa = PBXFileReference; lastKnownFileType = folder.assetcatalog; path = Assets.xcassets; sourceTree = "<group>"; };
		9D97D8502AFA52BF003F10B5 /* Preview Assets.xcassets */ = {isa = PBXFileReference; lastKnownFileType = folder.assetcatalog; path = "Preview Assets.xcassets"; sourceTree = "<group>"; };
		9D97D8552AFA52BF003F10B5 /* swiftui_project.xcdatamodel */ = {isa = PBXFileReference; lastKnownFileType = wrapper.xcdatamodel; path = swiftui_project.xcdatamodel; sourceTree = "<group>"; };
		9D97D85B2AFA52BF003F10B5 /* swiftui_projectTests.xctest */ = {isa = PBXFileReference; explicitFileType = wrapper.cfbundle; includeInIndex = 0; path = swiftui_projectTests.xctest; sourceTree = BUILT_PRODUCTS_DIR; };
		9D97D85F2AFA52BF003F10B5 /* swiftui_projectTests.swift */ = {isa = PBXFileReference; lastKnownFileType = sourcecode.swift; path = swiftui_projectTests.swift; sourceTree = "<group>"; };
		9D97D8652AFA52BF003F10B5 /* swiftui_projectUITests.xctest */ = {isa = PBXFileReference; explicitFileType = wrapper.cfbundle; includeInIndex = 0; path = swiftui_projectUITests.xctest; sourceTree = BUILT_PRODUCTS_DIR; };
		9D97D8692AFA52BF003F10B5 /* swiftui_projectUITests.swift */ = {isa = PBXFileReference; lastKnownFileType = sourcecode.swift; path = swiftui_projectUITests.swift; sourceTree = "<group>"; };
		9D97D86B2AFA52BF003F10B5 /* swiftui_projectUITestsLaunchTests.swift */ = {isa = PBXFileReference; lastKnownFileType = sourcecode.swift; path = swiftui_projectUITestsLaunchTests.swift; sourceTree = "<group>"; };
		9D9DC3482C52C80E00F9D1C7 /* NoPosterScreen.swift */ = {isa = PBXFileReference; lastKnownFileType = sourcecode.swift; path = NoPosterScreen.swift; sourceTree = "<group>"; };
		9DB350D52AFE529600283DE9 /* StartScreen.swift */ = {isa = PBXFileReference; lastKnownFileType = sourcecode.swift; path = StartScreen.swift; sourceTree = "<group>"; wrapsLines = 0; };
		9DB350DD2AFEB02700283DE9 /* swiftui-project-Info.plist */ = {isa = PBXFileReference; lastKnownFileType = text.plist.xml; path = "swiftui-project-Info.plist"; sourceTree = SOURCE_ROOT; };
		9DC5576F2BED061100DCA140 /* GenresViewWithScrollViewModel.swift */ = {isa = PBXFileReference; lastKnownFileType = sourcecode.swift; path = GenresViewWithScrollViewModel.swift; sourceTree = "<group>"; };
		9DC557722BED1C1800DCA140 /* StringExtension.swift */ = {isa = PBXFileReference; lastKnownFileType = sourcecode.swift; path = StringExtension.swift; sourceTree = "<group>"; };
		9DC557742BED28AE00DCA140 /* GenresViewWithScrollViewModelProtocol.swift */ = {isa = PBXFileReference; lastKnownFileType = sourcecode.swift; path = GenresViewWithScrollViewModelProtocol.swift; sourceTree = "<group>"; };
		9DC557792BED32D000DCA140 /* GenreButtonExtension.swift */ = {isa = PBXFileReference; fileEncoding = 4; lastKnownFileType = sourcecode.swift; path = GenreButtonExtension.swift; sourceTree = "<group>"; };
		9DC5577B2BED32D300DCA140 /* GenreButtonStyle.swift */ = {isa = PBXFileReference; lastKnownFileType = sourcecode.swift; path = GenreButtonStyle.swift; sourceTree = "<group>"; };
		9DCBCD3B2B03DCF200BE8C37 /* LogoView.swift */ = {isa = PBXFileReference; lastKnownFileType = sourcecode.swift; path = LogoView.swift; sourceTree = "<group>"; };
		9DCBCD3D2B03DEA700BE8C37 /* UISize.swift */ = {isa = PBXFileReference; lastKnownFileType = sourcecode.swift; path = UISize.swift; sourceTree = "<group>"; };
		9DEF8FC32C2079B700BB4DB1 /* MovieParameters.swift */ = {isa = PBXFileReference; lastKnownFileType = sourcecode.swift; path = MovieParameters.swift; sourceTree = "<group>"; };
/* End PBXFileReference section */

/* Begin PBXFrameworksBuildPhase section */
		9D97D8432AFA52BE003F10B5 /* Frameworks */ = {
			isa = PBXFrameworksBuildPhase;
			buildActionMask = 2147483647;
			files = (
			);
			runOnlyForDeploymentPostprocessing = 0;
		};
		9D97D8582AFA52BF003F10B5 /* Frameworks */ = {
			isa = PBXFrameworksBuildPhase;
			buildActionMask = 2147483647;
			files = (
			);
			runOnlyForDeploymentPostprocessing = 0;
		};
		9D97D8622AFA52BF003F10B5 /* Frameworks */ = {
			isa = PBXFrameworksBuildPhase;
			buildActionMask = 2147483647;
			files = (
			);
			runOnlyForDeploymentPostprocessing = 0;
		};
/* End PBXFrameworksBuildPhase section */

/* Begin PBXGroup section */
		9D1BC7842B1E534E006B8BCF /* Button */ = {
			isa = PBXGroup;
			children = (
				9D1BC71D2B18CD6C006B8BCF /* ButtonStyleExtension.swift */,
				9D1BC71B2B18CBA3006B8BCF /* PrimaryButtonStyle.swift */,
			);
			path = Button;
			sourceTree = "<group>";
		};
		9D1BC7852B1E5374006B8BCF /* Text */ = {
			isa = PBXGroup;
			children = (
				9D89F8602B13A70800FE23BE /* TextStyleModifier.swift */,
				9D1BC71F2B18CDC7006B8BCF /* ViewTextExtension.swift */,
			);
			path = Text;
			sourceTree = "<group>";
		};
		9D25A35E2B712F0D00564031 /* GenresModel */ = {
			isa = PBXGroup;
			children = (
				9D25A35F2B712F2500564031 /* GenresModel.swift */,
			);
			path = GenresModel;
			sourceTree = "<group>";
		};
		9D2B90A82BA1EE24007F576F /* DependencyInjectionContainer */ = {
			isa = PBXGroup;
			children = (
				9D2B90A92BA1EE5C007F576F /* DIContainer.swift */,
			);
			path = DependencyInjectionContainer;
			sourceTree = "<group>";
		};
		9D3DCB022BF3CA23007F5E96 /* ViewModel */ = {
			isa = PBXGroup;
			children = (
				9D3DCB032BF3CA3B007F5E96 /* GenreScreenViewModel.swift */,
				9D3DCB082BF3CB82007F5E96 /* GenreScreenViewModelProtocol.swift */,
			);
			path = ViewModel;
			sourceTree = "<group>";
		};
		9D3DCB052BF3CAE6007F5E96 /* MovieModel */ = {
			isa = PBXGroup;
			children = (
				9D3DCB062BF3CAF5007F5E96 /* MovieModel.swift */,
				9DEF8FC32C2079B700BB4DB1 /* MovieParameters.swift */,
			);
			path = MovieModel;
			sourceTree = "<group>";
		};
		9D49AA752B50691700FFA152 /* ResultView */ = {
			isa = PBXGroup;
			children = (
				9D49AA732B50690800FFA152 /* ResultView.swift */,
				9D49AA762B506C8400FFA152 /* MovieView.swift */,
			);
			path = ResultView;
			sourceTree = "<group>";
		};
		9D49AA7B2B50757300FFA152 /* LoadingView */ = {
			isa = PBXGroup;
			children = (
				9D49AA7C2B5075AA00FFA152 /* LoadingView.swift */,
				9D49AA7E2B55854700FFA152 /* LoadingViewExtension.swift */,
			);
			path = LoadingView;
			sourceTree = "<group>";
		};
		9D49AA842B5D626600FFA152 /* Movie */ = {
			isa = PBXGroup;
			children = (
				9D49AA852B5D627F00FFA152 /* Movie.swift */,
			);
			path = Movie;
			sourceTree = "<group>";
		};
		9D517B0E2B68012400477AB2 /* NetworkServiceSupport */ = {
			isa = PBXGroup;
			children = (
				9D95B7E92B62C78700CF660F /* NetworkServiceProtocol.swift */,
				9D517B0F2B68016300477AB2 /* HTTPMethods.swift */,
				9D517B132B68064000477AB2 /* Headers.swift */,
				9D29A97A2B877A8C0041CB6E /* RequestModelUniversal.swift */,
				9D517B152B680B4B00477AB2 /* Urls.swift */,
			);
			path = NetworkServiceSupport;
			sourceTree = "<group>";
		};
		9D68A7832B08FCA4005F546A /* Supports&Extensions */ = {
			isa = PBXGroup;
			children = (
				9D1BC7842B1E534E006B8BCF /* Button */,
				9D83506F2B9618990093D082 /* Color */,
				9D8350702B9618AE0093D082 /* CustomImage */,
				9D6BF22B2C31EE1E004E76CB /* EncodableExtensions */,
				9D83506C2B9618350093D082 /* Icons */,
				9DC557782BED32BB00DCA140 /* Genre */,
				9D25A35E2B712F0D00564031 /* GenresModel */,
				9D49AA7B2B50757300FFA152 /* LoadingView */,
				9D83506E2B9618870093D082 /* Logo */,
				9D49AA842B5D626600FFA152 /* Movie */,
				9D3DCB052BF3CAE6007F5E96 /* MovieModel */,
				9D1BC7852B1E5374006B8BCF /* Text */,
				9DC557712BED1BED00DCA140 /* StringExtension */,
				9D9DC3472C52C7D200F9D1C7 /* LoadingViews */,
				9D83506D2B96185E0093D082 /* UISize */,
			);
			path = "Supports&Extensions";
			sourceTree = "<group>";
		};
		9D6BF22B2C31EE1E004E76CB /* EncodableExtensions */ = {
			isa = PBXGroup;
			children = (
				9D6BF2292C31EDA6004E76CB /* ExtensionEncodable.swift */,
			);
			path = EncodableExtensions;
			sourceTree = "<group>";
		};
		9D8307552B275C9600C6B377 /* ScreenWithGenres */ = {
			isa = PBXGroup;
			children = (
				9DC5576B2BED04CC00DCA140 /* GenresScreen */,
				9DC5576C2BED04E700DCA140 /* CarouselOfGenres */,
			);
			path = ScreenWithGenres;
			sourceTree = "<group>";
		};
		9D83506C2B9618350093D082 /* Icons */ = {
			isa = PBXGroup;
			children = (
				9D1BC7192B18C9A5006B8BCF /* Icons.swift */,
			);
			path = Icons;
			sourceTree = "<group>";
		};
		9D83506D2B96185E0093D082 /* UISize */ = {
			isa = PBXGroup;
			children = (
				9DCBCD3D2B03DEA700BE8C37 /* UISize.swift */,
			);
			path = UISize;
			sourceTree = "<group>";
		};
		9D83506E2B9618870093D082 /* Logo */ = {
			isa = PBXGroup;
			children = (
				9D1BC7172B18C93C006B8BCF /* AppLogo.swift */,
			);
			path = Logo;
			sourceTree = "<group>";
		};
		9D83506F2B9618990093D082 /* Color */ = {
			isa = PBXGroup;
			children = (
				9D68A7812B08FA7D005F546A /* ColorExtension.swift */,
			);
			path = Color;
			sourceTree = "<group>";
		};
		9D8350702B9618AE0093D082 /* CustomImage */ = {
			isa = PBXGroup;
			children = (
				9D1BC7802B1E39F9006B8BCF /* CustomImage.swift */,
			);
			path = CustomImage;
			sourceTree = "<group>";
		};
		9D8350742B9623A10093D082 /* DataManager */ = {
			isa = PBXGroup;
			children = (
				9D8350752B9623BA0093D082 /* DataManager.swift */,
				9D119E7D2B963983007DEDA1 /* DataManagerProtocol.swift */,
			);
			path = DataManager;
			sourceTree = "<group>";
		};
		9D95B7E62B62C70C00CF660F /* NetworkService */ = {
			isa = PBXGroup;
			children = (
				9D517B0E2B68012400477AB2 /* NetworkServiceSupport */,
				9D95B7E72B62C72D00CF660F /* NetworkService.swift */,
			);
			path = NetworkService;
			sourceTree = "<group>";
		};
		9D97D83D2AFA52BE003F10B5 = {
			isa = PBXGroup;
			children = (
				9DB350DD2AFEB02700283DE9 /* swiftui-project-Info.plist */,
				9D97D8482AFA52BE003F10B5 /* swiftui_project */,
				9D97D85E2AFA52BF003F10B5 /* swiftui_projectTests */,
				9D97D8682AFA52BF003F10B5 /* swiftui_projectUITests */,
				9D97D8472AFA52BE003F10B5 /* Products */,
			);
			sourceTree = "<group>";
		};
		9D97D8472AFA52BE003F10B5 /* Products */ = {
			isa = PBXGroup;
			children = (
				9D97D8462AFA52BE003F10B5 /* swiftui_project.app */,
				9D97D85B2AFA52BF003F10B5 /* swiftui_projectTests.xctest */,
				9D97D8652AFA52BF003F10B5 /* swiftui_projectUITests.xctest */,
			);
			name = Products;
			sourceTree = "<group>";
		};
		9D97D8482AFA52BE003F10B5 /* swiftui_project */ = {
			isa = PBXGroup;
			children = (
				9D97D8492AFA52BE003F10B5 /* swiftui_projectApp.swift */,
				9DB350D72AFE52B600283DE9 /* StartScreen */,
				9D8307552B275C9600C6B377 /* ScreenWithGenres */,
				9D49AA752B50691700FFA152 /* ResultView */,
				9D95B7E62B62C70C00CF660F /* NetworkService */,
				9D2B90A82BA1EE24007F576F /* DependencyInjectionContainer */,
				9D8350742B9623A10093D082 /* DataManager */,
				9D68A7832B08FCA4005F546A /* Supports&Extensions */,
				9D97D84D2AFA52BF003F10B5 /* Assets.xcassets */,
				9D97D8542AFA52BF003F10B5 /* swiftui_project.xcdatamodeld */,
				9D97D84F2AFA52BF003F10B5 /* Preview Content */,
			);
			path = swiftui_project;
			sourceTree = "<group>";
		};
		9D97D84F2AFA52BF003F10B5 /* Preview Content */ = {
			isa = PBXGroup;
			children = (
				9D97D8502AFA52BF003F10B5 /* Preview Assets.xcassets */,
			);
			path = "Preview Content";
			sourceTree = "<group>";
		};
		9D97D85E2AFA52BF003F10B5 /* swiftui_projectTests */ = {
			isa = PBXGroup;
			children = (
				9D97D85F2AFA52BF003F10B5 /* swiftui_projectTests.swift */,
			);
			path = swiftui_projectTests;
			sourceTree = "<group>";
		};
		9D97D8682AFA52BF003F10B5 /* swiftui_projectUITests */ = {
			isa = PBXGroup;
			children = (
				9D97D8692AFA52BF003F10B5 /* swiftui_projectUITests.swift */,
				9D97D86B2AFA52BF003F10B5 /* swiftui_projectUITestsLaunchTests.swift */,
			);
			path = swiftui_projectUITests;
			sourceTree = "<group>";
		};
		9D9DC3472C52C7D200F9D1C7 /* LoadingViews */ = {
			isa = PBXGroup;
			children = (
				9D9DC3482C52C80E00F9D1C7 /* NoPosterScreen.swift */,
				9D92E1742C580E2900001FE4 /* EmptyScrollwWithGenres.swift */,
				9D6560EC2C5FE31B00A5911B /* WhileLoading.swift */,
			);
			path = LoadingViews;
			sourceTree = "<group>";
		};
		9DB350D72AFE52B600283DE9 /* StartScreen */ = {
			isa = PBXGroup;
			children = (
				9DB350D52AFE529600283DE9 /* StartScreen.swift */,
				9DCBCD3B2B03DCF200BE8C37 /* LogoView.swift */,
			);
			path = StartScreen;
			sourceTree = "<group>";
		};
		9DC5576B2BED04CC00DCA140 /* GenresScreen */ = {
			isa = PBXGroup;
			children = (
				9D3DCB022BF3CA23007F5E96 /* ViewModel */,
				9D8307562B275CD900C6B377 /* GenresScreen.swift */,
			);
			path = GenresScreen;
			sourceTree = "<group>";
		};
		9DC5576C2BED04E700DCA140 /* CarouselOfGenres */ = {
			isa = PBXGroup;
			children = (
				9DC5576D2BED057000DCA140 /* ViewModel */,
				9D83075A2B27754D00C6B377 /* GenresViewWithScroll.swift */,
				9DC5576E2BED058C00DCA140 /* GenreButton */,
			);
			path = CarouselOfGenres;
			sourceTree = "<group>";
		};
		9DC5576D2BED057000DCA140 /* ViewModel */ = {
			isa = PBXGroup;
			children = (
				9DC5576F2BED061100DCA140 /* GenresViewWithScrollViewModel.swift */,
				9DC557742BED28AE00DCA140 /* GenresViewWithScrollViewModelProtocol.swift */,
			);
			path = ViewModel;
			sourceTree = "<group>";
		};
		9DC5576E2BED058C00DCA140 /* GenreButton */ = {
			isa = PBXGroup;
			children = (
				9D6859242B45A59C00A7C2CD /* GenreButton.swift */,
			);
			path = GenreButton;
			sourceTree = "<group>";
		};
		9DC557712BED1BED00DCA140 /* StringExtension */ = {
			isa = PBXGroup;
			children = (
				9DC557722BED1C1800DCA140 /* StringExtension.swift */,
			);
			path = StringExtension;
			sourceTree = "<group>";
		};
		9DC557782BED32BB00DCA140 /* Genre */ = {
			isa = PBXGroup;
			children = (
				9DC557792BED32D000DCA140 /* GenreButtonExtension.swift */,
				9DC5577B2BED32D300DCA140 /* GenreButtonStyle.swift */,
			);
			path = Genre;
			sourceTree = "<group>";
		};
/* End PBXGroup section */

/* Begin PBXNativeTarget section */
		9D97D8452AFA52BE003F10B5 /* swiftui_project */ = {
			isa = PBXNativeTarget;
			buildConfigurationList = 9D97D86F2AFA52BF003F10B5 /* Build configuration list for PBXNativeTarget "swiftui_project" */;
			buildPhases = (
				9D97D8422AFA52BE003F10B5 /* Sources */,
				9D97D8432AFA52BE003F10B5 /* Frameworks */,
				9D97D8442AFA52BE003F10B5 /* Resources */,
			);
			buildRules = (
			);
			dependencies = (
			);
			name = swiftui_project;
			productName = swiftui_project;
			productReference = 9D97D8462AFA52BE003F10B5 /* swiftui_project.app */;
			productType = "com.apple.product-type.application";
		};
		9D97D85A2AFA52BF003F10B5 /* swiftui_projectTests */ = {
			isa = PBXNativeTarget;
			buildConfigurationList = 9D97D8722AFA52BF003F10B5 /* Build configuration list for PBXNativeTarget "swiftui_projectTests" */;
			buildPhases = (
				9D97D8572AFA52BF003F10B5 /* Sources */,
				9D97D8582AFA52BF003F10B5 /* Frameworks */,
				9D97D8592AFA52BF003F10B5 /* Resources */,
			);
			buildRules = (
			);
			dependencies = (
				9D97D85D2AFA52BF003F10B5 /* PBXTargetDependency */,
			);
			name = swiftui_projectTests;
			productName = swiftui_projectTests;
			productReference = 9D97D85B2AFA52BF003F10B5 /* swiftui_projectTests.xctest */;
			productType = "com.apple.product-type.bundle.unit-test";
		};
		9D97D8642AFA52BF003F10B5 /* swiftui_projectUITests */ = {
			isa = PBXNativeTarget;
			buildConfigurationList = 9D97D8752AFA52BF003F10B5 /* Build configuration list for PBXNativeTarget "swiftui_projectUITests" */;
			buildPhases = (
				9D97D8612AFA52BF003F10B5 /* Sources */,
				9D97D8622AFA52BF003F10B5 /* Frameworks */,
				9D97D8632AFA52BF003F10B5 /* Resources */,
			);
			buildRules = (
			);
			dependencies = (
				9D97D8672AFA52BF003F10B5 /* PBXTargetDependency */,
			);
			name = swiftui_projectUITests;
			productName = swiftui_projectUITests;
			productReference = 9D97D8652AFA52BF003F10B5 /* swiftui_projectUITests.xctest */;
			productType = "com.apple.product-type.bundle.ui-testing";
		};
/* End PBXNativeTarget section */

/* Begin PBXProject section */
		9D97D83E2AFA52BE003F10B5 /* Project object */ = {
			isa = PBXProject;
			attributes = {
				BuildIndependentTargetsInParallel = 1;
				LastSwiftUpdateCheck = 1500;
				LastUpgradeCheck = 1500;
				TargetAttributes = {
					9D97D8452AFA52BE003F10B5 = {
						CreatedOnToolsVersion = 15.0;
					};
					9D97D85A2AFA52BF003F10B5 = {
						CreatedOnToolsVersion = 15.0;
						TestTargetID = 9D97D8452AFA52BE003F10B5;
					};
					9D97D8642AFA52BF003F10B5 = {
						CreatedOnToolsVersion = 15.0;
						TestTargetID = 9D97D8452AFA52BE003F10B5;
					};
				};
			};
			buildConfigurationList = 9D97D8412AFA52BE003F10B5 /* Build configuration list for PBXProject "swiftui_project" */;
			compatibilityVersion = "Xcode 14.0";
			developmentRegion = en;
			hasScannedForEncodings = 0;
			knownRegions = (
				en,
				Base,
			);
			mainGroup = 9D97D83D2AFA52BE003F10B5;
			productRefGroup = 9D97D8472AFA52BE003F10B5 /* Products */;
			projectDirPath = "";
			projectRoot = "";
			targets = (
				9D97D8452AFA52BE003F10B5 /* swiftui_project */,
				9D97D85A2AFA52BF003F10B5 /* swiftui_projectTests */,
				9D97D8642AFA52BF003F10B5 /* swiftui_projectUITests */,
			);
		};
/* End PBXProject section */

/* Begin PBXResourcesBuildPhase section */
		9D97D8442AFA52BE003F10B5 /* Resources */ = {
			isa = PBXResourcesBuildPhase;
			buildActionMask = 2147483647;
			files = (
				9D97D8512AFA52BF003F10B5 /* Preview Assets.xcassets in Resources */,
				9D97D84E2AFA52BF003F10B5 /* Assets.xcassets in Resources */,
			);
			runOnlyForDeploymentPostprocessing = 0;
		};
		9D97D8592AFA52BF003F10B5 /* Resources */ = {
			isa = PBXResourcesBuildPhase;
			buildActionMask = 2147483647;
			files = (
			);
			runOnlyForDeploymentPostprocessing = 0;
		};
		9D97D8632AFA52BF003F10B5 /* Resources */ = {
			isa = PBXResourcesBuildPhase;
			buildActionMask = 2147483647;
			files = (
			);
			runOnlyForDeploymentPostprocessing = 0;
		};
/* End PBXResourcesBuildPhase section */

/* Begin PBXSourcesBuildPhase section */
		9D97D8422AFA52BE003F10B5 /* Sources */ = {
			isa = PBXSourcesBuildPhase;
			buildActionMask = 2147483647;
			files = (
				9D1BC7812B1E39F9006B8BCF /* CustomImage.swift in Sources */,
				9DEF8FC42C2079B700BB4DB1 /* MovieParameters.swift in Sources */,
				9D25A3602B712F2500564031 /* GenresModel.swift in Sources */,
				9D49AA7D2B5075AA00FFA152 /* LoadingView.swift in Sources */,
				9D8307572B275CD900C6B377 /* GenresScreen.swift in Sources */,
				9D1BC71E2B18CD6C006B8BCF /* ButtonStyleExtension.swift in Sources */,
				9D92E1752C580E2900001FE4 /* EmptyScrollwWithGenres.swift in Sources */,
				9DCBCD3C2B03DCF200BE8C37 /* LogoView.swift in Sources */,
				9D3DCB072BF3CAF5007F5E96 /* MovieModel.swift in Sources */,
				9D49AA742B50690800FFA152 /* ResultView.swift in Sources */,
				9DC557752BED28AE00DCA140 /* GenresViewWithScrollViewModelProtocol.swift in Sources */,
				9D8350762B9623BA0093D082 /* DataManager.swift in Sources */,
				9D49AA862B5D627F00FFA152 /* Movie.swift in Sources */,
				9D68A7822B08FA7D005F546A /* ColorExtension.swift in Sources */,
				9D517B142B68064000477AB2 /* Headers.swift in Sources */,
				9D97D8562AFA52BF003F10B5 /* swiftui_project.xcdatamodeld in Sources */,
				9DB350D62AFE529600283DE9 /* StartScreen.swift in Sources */,
				9DC557732BED1C1800DCA140 /* StringExtension.swift in Sources */,
				9D89F8612B13A70800FE23BE /* TextStyleModifier.swift in Sources */,
				9D517B102B68016300477AB2 /* HTTPMethods.swift in Sources */,
				9D2B90AA2BA1EE5C007F576F /* DIContainer.swift in Sources */,
				9D1BC71C2B18CBA3006B8BCF /* PrimaryButtonStyle.swift in Sources */,
				9D83075B2B27754D00C6B377 /* GenresViewWithScroll.swift in Sources */,
				9D3DCB042BF3CA3B007F5E96 /* GenreScreenViewModel.swift in Sources */,
				9D6859252B45A59C00A7C2CD /* GenreButton.swift in Sources */,
				9D9DC3492C52C80E00F9D1C7 /* NoPosterScreen.swift in Sources */,
				9D97D84A2AFA52BE003F10B5 /* swiftui_projectApp.swift in Sources */,
				9DC5577C2BED32D300DCA140 /* GenreButtonStyle.swift in Sources */,
				9DCBCD3E2B03DEA700BE8C37 /* UISize.swift in Sources */,
				9D1BC7202B18CDC7006B8BCF /* ViewTextExtension.swift in Sources */,
				9D1BC71A2B18C9A5006B8BCF /* Icons.swift in Sources */,
				9D3DCB092BF3CB82007F5E96 /* GenreScreenViewModelProtocol.swift in Sources */,
				9D6560ED2C5FE31B00A5911B /* WhileLoading.swift in Sources */,
				9D517B162B680B4B00477AB2 /* Urls.swift in Sources */,
				9D49AA7F2B55854700FFA152 /* LoadingViewExtension.swift in Sources */,
				9D1BC7182B18C93C006B8BCF /* AppLogo.swift in Sources */,
				9D119E7E2B963983007DEDA1 /* DataManagerProtocol.swift in Sources */,
				9D6BF22A2C31EDA6004E76CB /* ExtensionEncodable.swift in Sources */,
				9D95B7EA2B62C78700CF660F /* NetworkServiceProtocol.swift in Sources */,
				9DC557702BED061100DCA140 /* GenresViewWithScrollViewModel.swift in Sources */,
				9D29A97B2B877A8C0041CB6E /* RequestModelUniversal.swift in Sources */,
				9D49AA772B506C8400FFA152 /* MovieView.swift in Sources */,
				9D95B7E82B62C72D00CF660F /* NetworkService.swift in Sources */,
				9DC5577A2BED32D000DCA140 /* GenreButtonExtension.swift in Sources */,
			);
			runOnlyForDeploymentPostprocessing = 0;
		};
		9D97D8572AFA52BF003F10B5 /* Sources */ = {
			isa = PBXSourcesBuildPhase;
			buildActionMask = 2147483647;
			files = (
				9D97D8602AFA52BF003F10B5 /* swiftui_projectTests.swift in Sources */,
			);
			runOnlyForDeploymentPostprocessing = 0;
		};
		9D97D8612AFA52BF003F10B5 /* Sources */ = {
			isa = PBXSourcesBuildPhase;
			buildActionMask = 2147483647;
			files = (
				9D97D86C2AFA52BF003F10B5 /* swiftui_projectUITestsLaunchTests.swift in Sources */,
				9D97D86A2AFA52BF003F10B5 /* swiftui_projectUITests.swift in Sources */,
			);
			runOnlyForDeploymentPostprocessing = 0;
		};
/* End PBXSourcesBuildPhase section */

/* Begin PBXTargetDependency section */
		9D97D85D2AFA52BF003F10B5 /* PBXTargetDependency */ = {
			isa = PBXTargetDependency;
			target = 9D97D8452AFA52BE003F10B5 /* swiftui_project */;
			targetProxy = 9D97D85C2AFA52BF003F10B5 /* PBXContainerItemProxy */;
		};
		9D97D8672AFA52BF003F10B5 /* PBXTargetDependency */ = {
			isa = PBXTargetDependency;
			target = 9D97D8452AFA52BE003F10B5 /* swiftui_project */;
			targetProxy = 9D97D8662AFA52BF003F10B5 /* PBXContainerItemProxy */;
		};
/* End PBXTargetDependency section */

/* Begin XCBuildConfiguration section */
		9D97D86D2AFA52BF003F10B5 /* Debug */ = {
			isa = XCBuildConfiguration;
			buildSettings = {
				ALWAYS_SEARCH_USER_PATHS = NO;
				ASSETCATALOG_COMPILER_GENERATE_SWIFT_ASSET_SYMBOL_EXTENSIONS = YES;
				CLANG_ANALYZER_NONNULL = YES;
				CLANG_ANALYZER_NUMBER_OBJECT_CONVERSION = YES_AGGRESSIVE;
				CLANG_CXX_LANGUAGE_STANDARD = "gnu++20";
				CLANG_ENABLE_MODULES = YES;
				CLANG_ENABLE_OBJC_ARC = YES;
				CLANG_ENABLE_OBJC_WEAK = YES;
				CLANG_WARN_BLOCK_CAPTURE_AUTORELEASING = YES;
				CLANG_WARN_BOOL_CONVERSION = YES;
				CLANG_WARN_COMMA = YES;
				CLANG_WARN_CONSTANT_CONVERSION = YES;
				CLANG_WARN_DEPRECATED_OBJC_IMPLEMENTATIONS = YES;
				CLANG_WARN_DIRECT_OBJC_ISA_USAGE = YES_ERROR;
				CLANG_WARN_DOCUMENTATION_COMMENTS = YES;
				CLANG_WARN_EMPTY_BODY = YES;
				CLANG_WARN_ENUM_CONVERSION = YES;
				CLANG_WARN_INFINITE_RECURSION = YES;
				CLANG_WARN_INT_CONVERSION = YES;
				CLANG_WARN_NON_LITERAL_NULL_CONVERSION = YES;
				CLANG_WARN_OBJC_IMPLICIT_RETAIN_SELF = YES;
				CLANG_WARN_OBJC_LITERAL_CONVERSION = YES;
				CLANG_WARN_OBJC_ROOT_CLASS = YES_ERROR;
				CLANG_WARN_QUOTED_INCLUDE_IN_FRAMEWORK_HEADER = YES;
				CLANG_WARN_RANGE_LOOP_ANALYSIS = YES;
				CLANG_WARN_STRICT_PROTOTYPES = YES;
				CLANG_WARN_SUSPICIOUS_MOVE = YES;
				CLANG_WARN_UNGUARDED_AVAILABILITY = YES_AGGRESSIVE;
				CLANG_WARN_UNREACHABLE_CODE = YES;
				CLANG_WARN__DUPLICATE_METHOD_MATCH = YES;
				COPY_PHASE_STRIP = NO;
				DEBUG_INFORMATION_FORMAT = dwarf;
				ENABLE_STRICT_OBJC_MSGSEND = YES;
				ENABLE_TESTABILITY = YES;
				ENABLE_USER_SCRIPT_SANDBOXING = YES;
				GCC_C_LANGUAGE_STANDARD = gnu17;
				GCC_DYNAMIC_NO_PIC = NO;
				GCC_NO_COMMON_BLOCKS = YES;
				GCC_OPTIMIZATION_LEVEL = 0;
				GCC_PREPROCESSOR_DEFINITIONS = (
					"DEBUG=1",
					"$(inherited)",
				);
				GCC_WARN_64_TO_32_BIT_CONVERSION = YES;
				GCC_WARN_ABOUT_RETURN_TYPE = YES_ERROR;
				GCC_WARN_UNDECLARED_SELECTOR = YES;
				GCC_WARN_UNINITIALIZED_AUTOS = YES_AGGRESSIVE;
				GCC_WARN_UNUSED_FUNCTION = YES;
				GCC_WARN_UNUSED_VARIABLE = YES;
				IPHONEOS_DEPLOYMENT_TARGET = 17.0;
				LOCALIZATION_PREFERS_STRING_CATALOGS = YES;
				MTL_ENABLE_DEBUG_INFO = INCLUDE_SOURCE;
				MTL_FAST_MATH = YES;
				ONLY_ACTIVE_ARCH = YES;
				SDKROOT = iphoneos;
				SWIFT_ACTIVE_COMPILATION_CONDITIONS = "DEBUG $(inherited)";
				SWIFT_OPTIMIZATION_LEVEL = "-Onone";
			};
			name = Debug;
		};
		9D97D86E2AFA52BF003F10B5 /* Release */ = {
			isa = XCBuildConfiguration;
			buildSettings = {
				ALWAYS_SEARCH_USER_PATHS = NO;
				ASSETCATALOG_COMPILER_GENERATE_SWIFT_ASSET_SYMBOL_EXTENSIONS = YES;
				CLANG_ANALYZER_NONNULL = YES;
				CLANG_ANALYZER_NUMBER_OBJECT_CONVERSION = YES_AGGRESSIVE;
				CLANG_CXX_LANGUAGE_STANDARD = "gnu++20";
				CLANG_ENABLE_MODULES = YES;
				CLANG_ENABLE_OBJC_ARC = YES;
				CLANG_ENABLE_OBJC_WEAK = YES;
				CLANG_WARN_BLOCK_CAPTURE_AUTORELEASING = YES;
				CLANG_WARN_BOOL_CONVERSION = YES;
				CLANG_WARN_COMMA = YES;
				CLANG_WARN_CONSTANT_CONVERSION = YES;
				CLANG_WARN_DEPRECATED_OBJC_IMPLEMENTATIONS = YES;
				CLANG_WARN_DIRECT_OBJC_ISA_USAGE = YES_ERROR;
				CLANG_WARN_DOCUMENTATION_COMMENTS = YES;
				CLANG_WARN_EMPTY_BODY = YES;
				CLANG_WARN_ENUM_CONVERSION = YES;
				CLANG_WARN_INFINITE_RECURSION = YES;
				CLANG_WARN_INT_CONVERSION = YES;
				CLANG_WARN_NON_LITERAL_NULL_CONVERSION = YES;
				CLANG_WARN_OBJC_IMPLICIT_RETAIN_SELF = YES;
				CLANG_WARN_OBJC_LITERAL_CONVERSION = YES;
				CLANG_WARN_OBJC_ROOT_CLASS = YES_ERROR;
				CLANG_WARN_QUOTED_INCLUDE_IN_FRAMEWORK_HEADER = YES;
				CLANG_WARN_RANGE_LOOP_ANALYSIS = YES;
				CLANG_WARN_STRICT_PROTOTYPES = YES;
				CLANG_WARN_SUSPICIOUS_MOVE = YES;
				CLANG_WARN_UNGUARDED_AVAILABILITY = YES_AGGRESSIVE;
				CLANG_WARN_UNREACHABLE_CODE = YES;
				CLANG_WARN__DUPLICATE_METHOD_MATCH = YES;
				COPY_PHASE_STRIP = NO;
				DEBUG_INFORMATION_FORMAT = "dwarf-with-dsym";
				ENABLE_NS_ASSERTIONS = NO;
				ENABLE_STRICT_OBJC_MSGSEND = YES;
				ENABLE_USER_SCRIPT_SANDBOXING = YES;
				GCC_C_LANGUAGE_STANDARD = gnu17;
				GCC_NO_COMMON_BLOCKS = YES;
				GCC_WARN_64_TO_32_BIT_CONVERSION = YES;
				GCC_WARN_ABOUT_RETURN_TYPE = YES_ERROR;
				GCC_WARN_UNDECLARED_SELECTOR = YES;
				GCC_WARN_UNINITIALIZED_AUTOS = YES_AGGRESSIVE;
				GCC_WARN_UNUSED_FUNCTION = YES;
				GCC_WARN_UNUSED_VARIABLE = YES;
				IPHONEOS_DEPLOYMENT_TARGET = 17.0;
				LOCALIZATION_PREFERS_STRING_CATALOGS = YES;
				MTL_ENABLE_DEBUG_INFO = NO;
				MTL_FAST_MATH = YES;
				SDKROOT = iphoneos;
				SWIFT_COMPILATION_MODE = wholemodule;
				VALIDATE_PRODUCT = YES;
			};
			name = Release;
		};
		9D97D8702AFA52BF003F10B5 /* Debug */ = {
			isa = XCBuildConfiguration;
			buildSettings = {
				ASSETCATALOG_COMPILER_APPICON_NAME = AppIcon;
				ASSETCATALOG_COMPILER_GLOBAL_ACCENT_COLOR_NAME = AccentColor;
				CODE_SIGN_STYLE = Automatic;
				CURRENT_PROJECT_VERSION = 1;
				DEVELOPMENT_ASSET_PATHS = "\"swiftui_project/Preview Content\"";
				DEVELOPMENT_TEAM = C3777FY22U;
				ENABLE_PREVIEWS = YES;
				GENERATE_INFOPLIST_FILE = YES;
				INFOPLIST_FILE = "swiftui-project-Info.plist";
				INFOPLIST_KEY_UIApplicationSceneManifest_Generation = YES;
				INFOPLIST_KEY_UIApplicationSupportsIndirectInputEvents = YES;
				INFOPLIST_KEY_UILaunchScreen_Generation = YES;
				INFOPLIST_KEY_UISupportedInterfaceOrientations_iPad = "UIInterfaceOrientationPortrait UIInterfaceOrientationPortraitUpsideDown UIInterfaceOrientationLandscapeLeft UIInterfaceOrientationLandscapeRight";
				INFOPLIST_KEY_UISupportedInterfaceOrientations_iPhone = "UIInterfaceOrientationPortrait UIInterfaceOrientationLandscapeLeft UIInterfaceOrientationLandscapeRight";
				LD_RUNPATH_SEARCH_PATHS = (
					"$(inherited)",
					"@executable_path/Frameworks",
				);
				MARKETING_VERSION = 1.0;
				PRODUCT_BUNDLE_IDENTIFIER = "maxim-badanov.swiftui-project";
				PRODUCT_NAME = "$(TARGET_NAME)";
				SWIFT_EMIT_LOC_STRINGS = YES;
				SWIFT_VERSION = 5.0;
				TARGETED_DEVICE_FAMILY = "1,2";
			};
			name = Debug;
		};
		9D97D8712AFA52BF003F10B5 /* Release */ = {
			isa = XCBuildConfiguration;
			buildSettings = {
				ASSETCATALOG_COMPILER_APPICON_NAME = AppIcon;
				ASSETCATALOG_COMPILER_GLOBAL_ACCENT_COLOR_NAME = AccentColor;
				CODE_SIGN_STYLE = Automatic;
				CURRENT_PROJECT_VERSION = 1;
				DEVELOPMENT_ASSET_PATHS = "\"swiftui_project/Preview Content\"";
				DEVELOPMENT_TEAM = C3777FY22U;
				ENABLE_PREVIEWS = YES;
				GENERATE_INFOPLIST_FILE = YES;
				INFOPLIST_FILE = "swiftui-project-Info.plist";
				INFOPLIST_KEY_UIApplicationSceneManifest_Generation = YES;
				INFOPLIST_KEY_UIApplicationSupportsIndirectInputEvents = YES;
				INFOPLIST_KEY_UILaunchScreen_Generation = YES;
				INFOPLIST_KEY_UISupportedInterfaceOrientations_iPad = "UIInterfaceOrientationPortrait UIInterfaceOrientationPortraitUpsideDown UIInterfaceOrientationLandscapeLeft UIInterfaceOrientationLandscapeRight";
				INFOPLIST_KEY_UISupportedInterfaceOrientations_iPhone = "UIInterfaceOrientationPortrait UIInterfaceOrientationLandscapeLeft UIInterfaceOrientationLandscapeRight";
				LD_RUNPATH_SEARCH_PATHS = (
					"$(inherited)",
					"@executable_path/Frameworks",
				);
				MARKETING_VERSION = 1.0;
				PRODUCT_BUNDLE_IDENTIFIER = "maxim-badanov.swiftui-project";
				PRODUCT_NAME = "$(TARGET_NAME)";
				SWIFT_EMIT_LOC_STRINGS = YES;
				SWIFT_VERSION = 5.0;
				TARGETED_DEVICE_FAMILY = "1,2";
			};
			name = Release;
		};
		9D97D8732AFA52BF003F10B5 /* Debug */ = {
			isa = XCBuildConfiguration;
			buildSettings = {
				ALWAYS_EMBED_SWIFT_STANDARD_LIBRARIES = YES;
				BUNDLE_LOADER = "$(TEST_HOST)";
				CODE_SIGN_STYLE = Automatic;
				CURRENT_PROJECT_VERSION = 1;
				DEVELOPMENT_TEAM = C3777FY22U;
				GENERATE_INFOPLIST_FILE = YES;
				IPHONEOS_DEPLOYMENT_TARGET = 17.0;
				MARKETING_VERSION = 1.0;
				PRODUCT_BUNDLE_IDENTIFIER = "maxim-badanov.swiftui-projectTests";
				PRODUCT_NAME = "$(TARGET_NAME)";
				SWIFT_EMIT_LOC_STRINGS = NO;
				SWIFT_VERSION = 5.0;
				TARGETED_DEVICE_FAMILY = "1,2";
				TEST_HOST = "$(BUILT_PRODUCTS_DIR)/swiftui_project.app/$(BUNDLE_EXECUTABLE_FOLDER_PATH)/swiftui_project";
			};
			name = Debug;
		};
		9D97D8742AFA52BF003F10B5 /* Release */ = {
			isa = XCBuildConfiguration;
			buildSettings = {
				ALWAYS_EMBED_SWIFT_STANDARD_LIBRARIES = YES;
				BUNDLE_LOADER = "$(TEST_HOST)";
				CODE_SIGN_STYLE = Automatic;
				CURRENT_PROJECT_VERSION = 1;
				DEVELOPMENT_TEAM = C3777FY22U;
				GENERATE_INFOPLIST_FILE = YES;
				IPHONEOS_DEPLOYMENT_TARGET = 17.0;
				MARKETING_VERSION = 1.0;
				PRODUCT_BUNDLE_IDENTIFIER = "maxim-badanov.swiftui-projectTests";
				PRODUCT_NAME = "$(TARGET_NAME)";
				SWIFT_EMIT_LOC_STRINGS = NO;
				SWIFT_VERSION = 5.0;
				TARGETED_DEVICE_FAMILY = "1,2";
				TEST_HOST = "$(BUILT_PRODUCTS_DIR)/swiftui_project.app/$(BUNDLE_EXECUTABLE_FOLDER_PATH)/swiftui_project";
			};
			name = Release;
		};
		9D97D8762AFA52BF003F10B5 /* Debug */ = {
			isa = XCBuildConfiguration;
			buildSettings = {
				ALWAYS_EMBED_SWIFT_STANDARD_LIBRARIES = YES;
				CODE_SIGN_STYLE = Automatic;
				CURRENT_PROJECT_VERSION = 1;
				DEVELOPMENT_TEAM = C3777FY22U;
				GENERATE_INFOPLIST_FILE = YES;
				MARKETING_VERSION = 1.0;
				PRODUCT_BUNDLE_IDENTIFIER = "maxim-badanov.swiftui-projectUITests";
				PRODUCT_NAME = "$(TARGET_NAME)";
				SWIFT_EMIT_LOC_STRINGS = NO;
				SWIFT_VERSION = 5.0;
				TARGETED_DEVICE_FAMILY = "1,2";
				TEST_TARGET_NAME = swiftui_project;
			};
			name = Debug;
		};
		9D97D8772AFA52BF003F10B5 /* Release */ = {
			isa = XCBuildConfiguration;
			buildSettings = {
				ALWAYS_EMBED_SWIFT_STANDARD_LIBRARIES = YES;
				CODE_SIGN_STYLE = Automatic;
				CURRENT_PROJECT_VERSION = 1;
				DEVELOPMENT_TEAM = C3777FY22U;
				GENERATE_INFOPLIST_FILE = YES;
				MARKETING_VERSION = 1.0;
				PRODUCT_BUNDLE_IDENTIFIER = "maxim-badanov.swiftui-projectUITests";
				PRODUCT_NAME = "$(TARGET_NAME)";
				SWIFT_EMIT_LOC_STRINGS = NO;
				SWIFT_VERSION = 5.0;
				TARGETED_DEVICE_FAMILY = "1,2";
				TEST_TARGET_NAME = swiftui_project;
			};
			name = Release;
		};
/* End XCBuildConfiguration section */

/* Begin XCConfigurationList section */
		9D97D8412AFA52BE003F10B5 /* Build configuration list for PBXProject "swiftui_project" */ = {
			isa = XCConfigurationList;
			buildConfigurations = (
				9D97D86D2AFA52BF003F10B5 /* Debug */,
				9D97D86E2AFA52BF003F10B5 /* Release */,
			);
			defaultConfigurationIsVisible = 0;
			defaultConfigurationName = Release;
		};
		9D97D86F2AFA52BF003F10B5 /* Build configuration list for PBXNativeTarget "swiftui_project" */ = {
			isa = XCConfigurationList;
			buildConfigurations = (
				9D97D8702AFA52BF003F10B5 /* Debug */,
				9D97D8712AFA52BF003F10B5 /* Release */,
			);
			defaultConfigurationIsVisible = 0;
			defaultConfigurationName = Release;
		};
		9D97D8722AFA52BF003F10B5 /* Build configuration list for PBXNativeTarget "swiftui_projectTests" */ = {
			isa = XCConfigurationList;
			buildConfigurations = (
				9D97D8732AFA52BF003F10B5 /* Debug */,
				9D97D8742AFA52BF003F10B5 /* Release */,
			);
			defaultConfigurationIsVisible = 0;
			defaultConfigurationName = Release;
		};
		9D97D8752AFA52BF003F10B5 /* Build configuration list for PBXNativeTarget "swiftui_projectUITests" */ = {
			isa = XCConfigurationList;
			buildConfigurations = (
				9D97D8762AFA52BF003F10B5 /* Debug */,
				9D97D8772AFA52BF003F10B5 /* Release */,
			);
			defaultConfigurationIsVisible = 0;
			defaultConfigurationName = Release;
		};
/* End XCConfigurationList section */

/* Begin XCVersionGroup section */
		9D97D8542AFA52BF003F10B5 /* swiftui_project.xcdatamodeld */ = {
			isa = XCVersionGroup;
			children = (
				9D97D8552AFA52BF003F10B5 /* swiftui_project.xcdatamodel */,
			);
			currentVersion = 9D97D8552AFA52BF003F10B5 /* swiftui_project.xcdatamodel */;
			path = swiftui_project.xcdatamodeld;
			sourceTree = "<group>";
			versionGroupType = wrapper.xcdatamodel;
		};
/* End XCVersionGroup section */
	};
	rootObject = 9D97D83E2AFA52BE003F10B5 /* Project object */;
}
